// !$*UTF8*$!
{
	archiveVersion = 1;
	classes = {
	};
	objectVersion = 50;
	objects = {

/* Begin PBXBuildFile section */
		BF46B5CE24A7AC5A001F79FF /* AppDelegate.swift in Sources */ = {isa = PBXBuildFile; fileRef = BF46B5CD24A7AC5A001F79FF /* AppDelegate.swift */; };
		BF46B5D024A7AC5A001F79FF /* SceneDelegate.swift in Sources */ = {isa = PBXBuildFile; fileRef = BF46B5CF24A7AC5A001F79FF /* SceneDelegate.swift */; };
		BF46B5D224A7AC5A001F79FF /* ViewController.swift in Sources */ = {isa = PBXBuildFile; fileRef = BF46B5D124A7AC5A001F79FF /* ViewController.swift */; };
		BF46B5D524A7AC5A001F79FF /* Main.storyboard in Resources */ = {isa = PBXBuildFile; fileRef = BF46B5D324A7AC5A001F79FF /* Main.storyboard */; };
		BF46B5D724A7AC5B001F79FF /* Assets.xcassets in Resources */ = {isa = PBXBuildFile; fileRef = BF46B5D624A7AC5B001F79FF /* Assets.xcassets */; };
		BF46B5DA24A7AC5B001F79FF /* LaunchScreen.storyboard in Resources */ = {isa = PBXBuildFile; fileRef = BF46B5D824A7AC5B001F79FF /* LaunchScreen.storyboard */; };
		BF46B5E224A7B299001F79FF /* CardModel.swift in Sources */ = {isa = PBXBuildFile; fileRef = BF46B5E124A7B299001F79FF /* CardModel.swift */; };
		BF46B5E424A7B52C001F79FF /* Card.swift in Sources */ = {isa = PBXBuildFile; fileRef = BF46B5E324A7B52C001F79FF /* Card.swift */; };
		BF46B5E624A7CE2A001F79FF /* CardCollectionViewCell.swift in Sources */ = {isa = PBXBuildFile; fileRef = BF46B5E524A7CE2A001F79FF /* CardCollectionViewCell.swift */; };
/* End PBXBuildFile section */

/* Begin PBXFileReference section */
		BF46B5CA24A7AC5A001F79FF /* MatchCard.app */ = {isa = PBXFileReference; explicitFileType = wrapper.application; includeInIndex = 0; path = MatchCard.app; sourceTree = BUILT_PRODUCTS_DIR; };
		BF46B5CD24A7AC5A001F79FF /* AppDelegate.swift */ = {isa = PBXFileReference; lastKnownFileType = sourcecode.swift; path = AppDelegate.swift; sourceTree = "<group>"; };
		BF46B5CF24A7AC5A001F79FF /* SceneDelegate.swift */ = {isa = PBXFileReference; lastKnownFileType = sourcecode.swift; path = SceneDelegate.swift; sourceTree = "<group>"; };
		BF46B5D124A7AC5A001F79FF /* ViewController.swift */ = {isa = PBXFileReference; lastKnownFileType = sourcecode.swift; path = ViewController.swift; sourceTree = "<group>"; };
		BF46B5D424A7AC5A001F79FF /* Base */ = {isa = PBXFileReference; lastKnownFileType = file.storyboard; name = Base; path = Base.lproj/Main.storyboard; sourceTree = "<group>"; };
		BF46B5D624A7AC5B001F79FF /* Assets.xcassets */ = {isa = PBXFileReference; lastKnownFileType = folder.assetcatalog; path = Assets.xcassets; sourceTree = "<group>"; };
		BF46B5D924A7AC5B001F79FF /* Base */ = {isa = PBXFileReference; lastKnownFileType = file.storyboard; name = Base; path = Base.lproj/LaunchScreen.storyboard; sourceTree = "<group>"; };
		BF46B5DB24A7AC5B001F79FF /* Info.plist */ = {isa = PBXFileReference; lastKnownFileType = text.plist.xml; path = Info.plist; sourceTree = "<group>"; };
		BF46B5E124A7B299001F79FF /* CardModel.swift */ = {isa = PBXFileReference; lastKnownFileType = sourcecode.swift; path = CardModel.swift; sourceTree = "<group>"; };
		BF46B5E324A7B52C001F79FF /* Card.swift */ = {isa = PBXFileReference; lastKnownFileType = sourcecode.swift; path = Card.swift; sourceTree = "<group>"; };
		BF46B5E524A7CE2A001F79FF /* CardCollectionViewCell.swift */ = {isa = PBXFileReference; lastKnownFileType = sourcecode.swift; path = CardCollectionViewCell.swift; sourceTree = "<group>"; };
/* End PBXFileReference section */

/* Begin PBXFrameworksBuildPhase section */
		BF46B5C724A7AC5A001F79FF /* Frameworks */ = {
			isa = PBXFrameworksBuildPhase;
			buildActionMask = 2147483647;
			files = (
			);
			runOnlyForDeploymentPostprocessing = 0;
		};
/* End PBXFrameworksBuildPhase section */

/* Begin PBXGroup section */
		BF46B5C124A7AC5A001F79FF = {
			isa = PBXGroup;
			children = (
				BF46B5CC24A7AC5A001F79FF /* MatchCard */,
				BF46B5CB24A7AC5A001F79FF /* Products */,
			);
			sourceTree = "<group>";
		};
		BF46B5CB24A7AC5A001F79FF /* Products */ = {
			isa = PBXGroup;
			children = (
				BF46B5CA24A7AC5A001F79FF /* MatchCard.app */,
			);
			name = Products;
			sourceTree = "<group>";
		};
		BF46B5CC24A7AC5A001F79FF /* MatchCard */ = {
			isa = PBXGroup;
			children = (
				BF46B5CD24A7AC5A001F79FF /* AppDelegate.swift */,
				BF46B5CF24A7AC5A001F79FF /* SceneDelegate.swift */,
				BF46B5D124A7AC5A001F79FF /* ViewController.swift */,
				BF46B5E524A7CE2A001F79FF /* CardCollectionViewCell.swift */,
				BF46B5E124A7B299001F79FF /* CardModel.swift */,
				BF46B5E324A7B52C001F79FF /* Card.swift */,
				BF46B5D324A7AC5A001F79FF /* Main.storyboard */,
				BF46B5D624A7AC5B001F79FF /* Assets.xcassets */,
				BF46B5D824A7AC5B001F79FF /* LaunchScreen.storyboard */,
				BF46B5DB24A7AC5B001F79FF /* Info.plist */,
			);
			path = MatchCard;
			sourceTree = "<group>";
		};
/* End PBXGroup section */

/* Begin PBXNativeTarget section */
		BF46B5C924A7AC5A001F79FF /* MatchCard */ = {
			isa = PBXNativeTarget;
			buildConfigurationList = BF46B5DE24A7AC5B001F79FF /* Build configuration list for PBXNativeTarget "MatchCard" */;
			buildPhases = (
				BF46B5C624A7AC5A001F79FF /* Sources */,
				BF46B5C724A7AC5A001F79FF /* Frameworks */,
				BF46B5C824A7AC5A001F79FF /* Resources */,
			);
			buildRules = (
			);
			dependencies = (
			);
			name = MatchCard;
			productName = MatchCard;
			productReference = BF46B5CA24A7AC5A001F79FF /* MatchCard.app */;
			productType = "com.apple.product-type.application";
		};
/* End PBXNativeTarget section */

/* Begin PBXProject section */
		BF46B5C224A7AC5A001F79FF /* Project object */ = {
			isa = PBXProject;
			attributes = {
				LastSwiftUpdateCheck = 1150;
				LastUpgradeCheck = 1150;
				ORGANIZATIONNAME = "ØNE";
				TargetAttributes = {
					BF46B5C924A7AC5A001F79FF = {
						CreatedOnToolsVersion = 11.5;
					};
				};
			};
			buildConfigurationList = BF46B5C524A7AC5A001F79FF /* Build configuration list for PBXProject "MatchCard" */;
			compatibilityVersion = "Xcode 9.3";
			developmentRegion = en;
			hasScannedForEncodings = 0;
			knownRegions = (
				en,
				Base,
			);
			mainGroup = BF46B5C124A7AC5A001F79FF;
			productRefGroup = BF46B5CB24A7AC5A001F79FF /* Products */;
			projectDirPath = "";
			projectRoot = "";
			targets = (
				BF46B5C924A7AC5A001F79FF /* MatchCard */,
			);
		};
/* End PBXProject section */

/* Begin PBXResourcesBuildPhase section */
		BF46B5C824A7AC5A001F79FF /* Resources */ = {
			isa = PBXResourcesBuildPhase;
			buildActionMask = 2147483647;
			files = (
				BF46B5DA24A7AC5B001F79FF /* LaunchScreen.storyboard in Resources */,
				BF46B5D724A7AC5B001F79FF /* Assets.xcassets in Resources */,
				BF46B5D524A7AC5A001F79FF /* Main.storyboard in Resources */,
			);
			runOnlyForDeploymentPostprocessing = 0;
		};
/* End PBXResourcesBuildPhase section */

/* Begin PBXSourcesBuildPhase section */
		BF46B5C624A7AC5A001F79FF /* Sources */ = {
			isa = PBXSourcesBuildPhase;
			buildActionMask = 2147483647;
			files = (
				BF46B5D224A7AC5A001F79FF /* ViewController.swift in Sources */,
				BF46B5E224A7B299001F79FF /* CardModel.swift in Sources */,
				BF46B5E424A7B52C001F79FF /* Card.swift in Sources */,
				BF46B5CE24A7AC5A001F79FF /* AppDelegate.swift in Sources */,
				BF46B5E624A7CE2A001F79FF /* CardCollectionViewCell.swift in Sources */,
				BF46B5D024A7AC5A001F79FF /* SceneDelegate.swift in Sources */,
			);
			runOnlyForDeploymentPostprocessing = 0;
		};
/* End PBXSourcesBuildPhase section */

/* Begin PBXVariantGroup section */
		BF46B5D324A7AC5A001F79FF /* Main.storyboard */ = {
			isa = PBXVariantGroup;
			children = (
				BF46B5D424A7AC5A001F79FF /* Base */,
			);
			name = Main.storyboard;
			sourceTree = "<group>";
		};
		BF46B5D824A7AC5B001F79FF /* LaunchScreen.storyboard */ = {
			isa = PBXVariantGroup;
			children = (
				BF46B5D924A7AC5B001F79FF /* Base */,
			);
			name = LaunchScreen.storyboard;
			sourceTree = "<group>";
		};
/* End PBXVariantGroup section */

/* Begin XCBuildConfiguration section */
		BF46B5DC24A7AC5B001F79FF /* Debug */ = {
			isa = XCBuildConfiguration;
			buildSettings = {
				ALWAYS_SEARCH_USER_PATHS = NO;
				CLANG_ANALYZER_NONNULL = YES;
				CLANG_ANALYZER_NUMBER_OBJECT_CONVERSION = YES_AGGRESSIVE;
				CLANG_CXX_LANGUAGE_STANDARD = "gnu++14";
				CLANG_CXX_LIBRARY = "libc++";
				CLANG_ENABLE_MODULES = YES;
				CLANG_ENABLE_OBJC_ARC = YES;
				CLANG_ENABLE_OBJC_WEAK = YES;
				CLANG_WARN_BLOCK_CAPTURE_AUTORELEASING = YES;
				CLANG_WARN_BOOL_CONVERSION = YES;
				CLANG_WARN_COMMA = YES;
				CLANG_WARN_CONSTANT_CONVERSION = YES;
				CLANG_WARN_DEPRECATED_OBJC_IMPLEMENTATIONS = YES;
				CLANG_WARN_DIRECT_OBJC_ISA_USAGE = YES_ERROR;
				CLANG_WARN_DOCUMENTATION_COMMENTS = YES;
				CLANG_WARN_EMPTY_BODY = YES;
				CLANG_WARN_ENUM_CONVERSION = YES;
				CLANG_WARN_INFINITE_RECURSION = YES;
				CLANG_WARN_INT_CONVERSION = YES;
				CLANG_WARN_NON_LITERAL_NULL_CONVERSION = YES;
				CLANG_WARN_OBJC_IMPLICIT_RETAIN_SELF = YES;
				CLANG_WARN_OBJC_LITERAL_CONVERSION = YES;
				CLANG_WARN_OBJC_ROOT_CLASS = YES_ERROR;
				CLANG_WARN_RANGE_LOOP_ANALYSIS = YES;
				CLANG_WARN_STRICT_PROTOTYPES = YES;
				CLANG_WARN_SUSPICIOUS_MOVE = YES;
				CLANG_WARN_UNGUARDED_AVAILABILITY = YES_AGGRESSIVE;
				CLANG_WARN_UNREACHABLE_CODE = YES;
				CLANG_WARN__DUPLICATE_METHOD_MATCH = YES;
				COPY_PHASE_STRIP = NO;
				DEBUG_INFORMATION_FORMAT = dwarf;
				ENABLE_STRICT_OBJC_MSGSEND = YES;
				ENABLE_TESTABILITY = YES;
				GCC_C_LANGUAGE_STANDARD = gnu11;
				GCC_DYNAMIC_NO_PIC = NO;
				GCC_NO_COMMON_BLOCKS = YES;
				GCC_OPTIMIZATION_LEVEL = 0;
				GCC_PREPROCESSOR_DEFINITIONS = (
					"DEBUG=1",
					"$(inherited)",
				);
				GCC_WARN_64_TO_32_BIT_CONVERSION = YES;
				GCC_WARN_ABOUT_RETURN_TYPE = YES_ERROR;
				GCC_WARN_UNDECLARED_SELECTOR = YES;
				GCC_WARN_UNINITIALIZED_AUTOS = YES_AGGRESSIVE;
				GCC_WARN_UNUSED_FUNCTION = YES;
				GCC_WARN_UNUSED_VARIABLE = YES;
				IPHONEOS_DEPLOYMENT_TARGET = 13.5;
				MTL_ENABLE_DEBUG_INFO = INCLUDE_SOURCE;
				MTL_FAST_MATH = YES;
				ONLY_ACTIVE_ARCH = YES;
				SDKROOT = iphoneos;
				SWIFT_ACTIVE_COMPILATION_CONDITIONS = DEBUG;
				SWIFT_OPTIMIZATION_LEVEL = "-Onone";
			};
			name = Debug;
		};
		BF46B5DD24A7AC5B001F79FF /* Release */ = {
			isa = XCBuildConfiguration;
			buildSettings = {
				ALWAYS_SEARCH_USER_PATHS = NO;
				CLANG_ANALYZER_NONNULL = YES;
				CLANG_ANALYZER_NUMBER_OBJECT_CONVERSION = YES_AGGRESSIVE;
				CLANG_CXX_LANGUAGE_STANDARD = "gnu++14";
				CLANG_CXX_LIBRARY = "libc++";
				CLANG_ENABLE_MODULES = YES;
				CLANG_ENABLE_OBJC_ARC = YES;
				CLANG_ENABLE_OBJC_WEAK = YES;
				CLANG_WARN_BLOCK_CAPTURE_AUTORELEASING = YES;
				CLANG_WARN_BOOL_CONVERSION = YES;
				CLANG_WARN_COMMA = YES;
				CLANG_WARN_CONSTANT_CONVERSION = YES;
				CLANG_WARN_DEPRECATED_OBJC_IMPLEMENTATIONS = YES;
				CLANG_WARN_DIRECT_OBJC_ISA_USAGE = YES_ERROR;
				CLANG_WARN_DOCUMENTATION_COMMENTS = YES;
				CLANG_WARN_EMPTY_BODY = YES;
				CLANG_WARN_ENUM_CONVERSION = YES;
				CLANG_WARN_INFINITE_RECURSION = YES;
				CLANG_WARN_INT_CONVERSION = YES;
				CLANG_WARN_NON_LITERAL_NULL_CONVERSION = YES;
				CLANG_WARN_OBJC_IMPLICIT_RETAIN_SELF = YES;
				CLANG_WARN_OBJC_LITERAL_CONVERSION = YES;
				CLANG_WARN_OBJC_ROOT_CLASS = YES_ERROR;
				CLANG_WARN_RANGE_LOOP_ANALYSIS = YES;
				CLANG_WARN_STRICT_PROTOTYPES = YES;
				CLANG_WARN_SUSPICIOUS_MOVE = YES;
				CLANG_WARN_UNGUARDED_AVAILABILITY = YES_AGGRESSIVE;
				CLANG_WARN_UNREACHABLE_CODE = YES;
				CLANG_WARN__DUPLICATE_METHOD_MATCH = YES;
				COPY_PHASE_STRIP = NO;
				DEBUG_INFORMATION_FORMAT = "dwarf-with-dsym";
				ENABLE_NS_ASSERTIONS = NO;
				ENABLE_STRICT_OBJC_MSGSEND = YES;
				GCC_C_LANGUAGE_STANDARD = gnu11;
				GCC_NO_COMMON_BLOCKS = YES;
				GCC_WARN_64_TO_32_BIT_CONVERSION = YES;
				GCC_WARN_ABOUT_RETURN_TYPE = YES_ERROR;
				GCC_WARN_UNDECLARED_SELECTOR = YES;
				GCC_WARN_UNINITIALIZED_AUTOS = YES_AGGRESSIVE;
				GCC_WARN_UNUSED_FUNCTION = YES;
				GCC_WARN_UNUSED_VARIABLE = YES;
				IPHONEOS_DEPLOYMENT_TARGET = 13.5;
				MTL_ENABLE_DEBUG_INFO = NO;
				MTL_FAST_MATH = YES;
				SDKROOT = iphoneos;
				SWIFT_COMPILATION_MODE = wholemodule;
				SWIFT_OPTIMIZATION_LEVEL = "-O";
				VALIDATE_PRODUCT = YES;
			};
			name = Release;
		};
		BF46B5DF24A7AC5B001F79FF /* Debug */ = {
			isa = XCBuildConfiguration;
			buildSettings = {
				ASSETCATALOG_COMPILER_APPICON_NAME = AppIcon;
				CODE_SIGN_STYLE = Automatic;
				INFOPLIST_FILE = MatchCard/Info.plist;
				LD_RUNPATH_SEARCH_PATHS = (
					"$(inherited)",
					"@executable_path/Frameworks",
				);
				PRODUCT_BUNDLE_IDENTIFIER = com.one.MatchCard;
				PRODUCT_NAME = "$(TARGET_NAME)";
				SWIFT_VERSION = 5.0;
				TARGETED_DEVICE_FAMILY = "1,2";
			};
			name = Debug;
		};
		BF46B5E024A7AC5B001F79FF /* Release */ = {
			isa = XCBuildConfiguration;
			buildSettings = {
				ASSETCATALOG_COMPILER_APPICON_NAME = AppIcon;
				CODE_SIGN_STYLE = Automatic;
				INFOPLIST_FILE = MatchCard/Info.plist;
				LD_RUNPATH_SEARCH_PATHS = (
					"$(inherited)",
					"@executable_path/Frameworks",
				);
				PRODUCT_BUNDLE_IDENTIFIER = com.one.MatchCard;
				PRODUCT_NAME = "$(TARGET_NAME)";
				SWIFT_VERSION = 5.0;
				TARGETED_DEVICE_FAMILY = "1,2";
			};
			name = Release;
		};
/* End XCBuildConfiguration section */

/* Begin XCConfigurationList section */
		BF46B5C524A7AC5A001F79FF /* Build configuration list for PBXProject "MatchCard" */ = {
			isa = XCConfigurationList;
			buildConfigurations = (
				BF46B5DC24A7AC5B001F79FF /* Debug */,
				BF46B5DD24A7AC5B001F79FF /* Release */,
			);
			defaultConfigurationIsVisible = 0;
			defaultConfigurationName = Release;
		};
		BF46B5DE24A7AC5B001F79FF /* Build configuration list for PBXNativeTarget "MatchCard" */ = {
			isa = XCConfigurationList;
			buildConfigurations = (
				BF46B5DF24A7AC5B001F79FF /* Debug */,
				BF46B5E024A7AC5B001F79FF /* Release */,
			);
			defaultConfigurationIsVisible = 0;
			defaultConfigurationName = Release;
		};
/* End XCConfigurationList section */
	};
	rootObject = BF46B5C224A7AC5A001F79FF /* Project object */;
}
